
Microsoft Visual Studio Solution File, Format Version 12.00
# Visual Studio Version 16
VisualStudioVersion = 16.0.29920.165
MinimumVisualStudioVersion = 10.0.40219.1
Project("{FAE04EC0-301F-11D3-BF4B-00C04F79EFBC}") = "GameEngine", "GameEngine\GameEngine.csproj", "{FB63B4F2-1455-4AFD-8C78-15C202DB53EB}"
EndProject
Global
	GlobalSection(SolutionConfigurationPlatforms) = preSolution
		Debug|Any CPU = Debug|Any CPU
		Release|Any CPU = Release|Any CPU
	EndGlobalSection
	GlobalSection(ProjectConfigurationPlatforms) = postSolution
		{FB63B4F2-1455-4AFD-8C78-15C202DB53EB}.Debug|Any CPU.ActiveCfg = Debug|Any CPU
		{FB63B4F2-1455-4AFD-8C78-15C202DB53EB}.Debug|Any CPU.Build.0 = Debug|Any CPU
		{FB63B4F2-1455-4AFD-8C78-15C202DB53EB}.Release|Any CPU.ActiveCfg = Release|Any CPU
		{FB63B4F2-1455-4AFD-8C78-15C202DB53EB}.Release|Any CPU.Build.0 = Release|Any CPU
	EndGlobalSection
	GlobalSection(SolutionProperties) = preSolution
		HideSolutionNode = FALSE
	EndGlobalSection
	GlobalSection(ExtensibilityGlobals) = postSolution
		SolutionGuid = {17893FE8-8BF8-47DA-9737-E05D9AE73BE2}
	EndGlobalSection
EndGlobal
